
Microsoft Visual Studio Solution File, Format Version 12.00
# Visual Studio Version 16
VisualStudioVersion = 16.0.31911.196
MinimumVisualStudioVersion = 10.0.40219.1
Project("{9A19103F-16F7-4668-BE54-9A1E7A4F7556}") = "UnitTest_Mock", "UnitTest_Mock\UnitTest_Mock.csproj", "{D4ED50AE-2AF2-4237-A44B-298B221433F3}"
EndProject
Project("{FAE04EC0-301F-11D3-BF4B-00C04F79EFBC}") = "UnitTest", "UnitTest\UnitTest.csproj", "{1A2282B6-0D25-481F-9708-76AF548A075D}"
EndProject
Global
	GlobalSection(SolutionConfigurationPlatforms) = preSolution
		Debug|Any CPU = Debug|Any CPU
		Release|Any CPU = Release|Any CPU
	EndGlobalSection
	GlobalSection(ProjectConfigurationPlatforms) = postSolution
		{D4ED50AE-2AF2-4237-A44B-298B221433F3}.Debug|Any CPU.ActiveCfg = Debug|Any CPU
		{D4ED50AE-2AF2-4237-A44B-298B221433F3}.Debug|Any CPU.Build.0 = Debug|Any CPU
		{D4ED50AE-2AF2-4237-A44B-298B221433F3}.Release|Any CPU.ActiveCfg = Release|Any CPU
		{D4ED50AE-2AF2-4237-A44B-298B221433F3}.Release|Any CPU.Build.0 = Release|Any CPU
		{1A2282B6-0D25-481F-9708-76AF548A075D}.Debug|Any CPU.ActiveCfg = Debug|Any CPU
		{1A2282B6-0D25-481F-9708-76AF548A075D}.Debug|Any CPU.Build.0 = Debug|Any CPU
		{1A2282B6-0D25-481F-9708-76AF548A075D}.Release|Any CPU.ActiveCfg = Release|Any CPU
		{1A2282B6-0D25-481F-9708-76AF548A075D}.Release|Any CPU.Build.0 = Release|Any CPU
	EndGlobalSection
	GlobalSection(SolutionProperties) = preSolution
		HideSolutionNode = FALSE
	EndGlobalSection
	GlobalSection(ExtensibilityGlobals) = postSolution
		SolutionGuid = {457357A5-658C-4E3C-A957-F7F7F71ECB64}
	EndGlobalSection
EndGlobal
