
Microsoft Visual Studio Solution File, Format Version 12.00
# Visual Studio Version 16
VisualStudioVersion = 16.0.31911.196
MinimumVisualStudioVersion = 10.0.40219.1
Project("{FAE04EC0-301F-11D3-BF4B-00C04F79EFBC}") = "UnitTest_Mock", "UnitTest_Mock\UnitTest_Mock.csproj", "{EBF46A9A-DAF6-4BD8-8AEA-FCBAFECD7E44}"
EndProject
Global
	GlobalSection(SolutionConfigurationPlatforms) = preSolution
		Debug|Any CPU = Debug|Any CPU
		Release|Any CPU = Release|Any CPU
	EndGlobalSection
	GlobalSection(ProjectConfigurationPlatforms) = postSolution
		{EBF46A9A-DAF6-4BD8-8AEA-FCBAFECD7E44}.Debug|Any CPU.ActiveCfg = Debug|Any CPU
		{EBF46A9A-DAF6-4BD8-8AEA-FCBAFECD7E44}.Debug|Any CPU.Build.0 = Debug|Any CPU
		{EBF46A9A-DAF6-4BD8-8AEA-FCBAFECD7E44}.Release|Any CPU.ActiveCfg = Release|Any CPU
		{EBF46A9A-DAF6-4BD8-8AEA-FCBAFECD7E44}.Release|Any CPU.Build.0 = Release|Any CPU
	EndGlobalSection
	GlobalSection(SolutionProperties) = preSolution
		HideSolutionNode = FALSE
	EndGlobalSection
	GlobalSection(ExtensibilityGlobals) = postSolution
		SolutionGuid = {46A27376-4167-4C74-856C-A05692704569}
	EndGlobalSection
EndGlobal
