
Microsoft Visual Studio Solution File, Format Version 12.00
# Visual Studio Version 16
VisualStudioVersion = 16.0.31911.196
MinimumVisualStudioVersion = 10.0.40219.1
Project("{FAE04EC0-301F-11D3-BF4B-00C04F79EFBC}") = "FormLogin", "FormLogin\FormLogin.csproj", "{345939EB-964A-41E7-8D98-8BE1E8EB5F57}"
EndProject
Project("{2150E333-8FDC-42A3-9474-1A3956D46DE8}") = "Solution Items", "Solution Items", "{F2FEE929-8217-4A83-A02B-C74D23027862}"
EndProject
Global
	GlobalSection(SolutionConfigurationPlatforms) = preSolution
		Debug|Any CPU = Debug|Any CPU
		Release|Any CPU = Release|Any CPU
	EndGlobalSection
	GlobalSection(ProjectConfigurationPlatforms) = postSolution
		{345939EB-964A-41E7-8D98-8BE1E8EB5F57}.Debug|Any CPU.ActiveCfg = Debug|Any CPU
		{345939EB-964A-41E7-8D98-8BE1E8EB5F57}.Debug|Any CPU.Build.0 = Debug|Any CPU
		{345939EB-964A-41E7-8D98-8BE1E8EB5F57}.Release|Any CPU.ActiveCfg = Release|Any CPU
		{345939EB-964A-41E7-8D98-8BE1E8EB5F57}.Release|Any CPU.Build.0 = Release|Any CPU
	EndGlobalSection
	GlobalSection(SolutionProperties) = preSolution
		HideSolutionNode = FALSE
	EndGlobalSection
	GlobalSection(ExtensibilityGlobals) = postSolution
		SolutionGuid = {2F1C977E-1DFF-458C-8DC4-B2FB7C1D8B1E}
	EndGlobalSection
EndGlobal
